// !$*UTF8*$!
{
	archiveVersion = 1;
	classes = {
	};
	objectVersion = 51;
	objects = {

/* Begin PBXBuildFile section */
		05A9F55767DD6CB665C5D483 /* Pods_iChat.framework in Frameworks */ = {isa = PBXBuildFile; fileRef = D80D6DECAF1A44C94798C2A7 /* Pods_iChat.framework */; };
		1A9A80A4A1133C391548CDCB /* Pods_iChatTests.framework in Frameworks */ = {isa = PBXBuildFile; fileRef = 33D92B096178BE9CFAF97636 /* Pods_iChatTests.framework */; };
		AD011194252CC7C9008180AF /* SpeechBubblePath.swift in Sources */ = {isa = PBXBuildFile; fileRef = AD011193252CC7C9008180AF /* SpeechBubblePath.swift */; };
		AD38A778252E0B2900A81ED5 /* ConversationViewModel.swift in Sources */ = {isa = PBXBuildFile; fileRef = AD38A777252E0B2900A81ED5 /* ConversationViewModel.swift */; };
		AD38A77B252E0C8000A81ED5 /* DummyConversation.swift in Sources */ = {isa = PBXBuildFile; fileRef = AD38A77A252E0C8000A81ED5 /* DummyConversation.swift */; };
		AD38A77D252E0CA500A81ED5 /* IConversationProvider.swift in Sources */ = {isa = PBXBuildFile; fileRef = AD38A77C252E0CA500A81ED5 /* IConversationProvider.swift */; };
		AD38A77F252E10CD00A81ED5 /* DummyProfileProvider.swift in Sources */ = {isa = PBXBuildFile; fileRef = AD38A77E252E10CD00A81ED5 /* DummyProfileProvider.swift */; };
		AD38A781252E187700A81ED5 /* ProfileInfo.swift in Sources */ = {isa = PBXBuildFile; fileRef = AD38A780252E187700A81ED5 /* ProfileInfo.swift */; };
		AD3F03F5252E261000920C2A /* IConversationViewModel.swift in Sources */ = {isa = PBXBuildFile; fileRef = AD3F03F4252E261000920C2A /* IConversationViewModel.swift */; };
		AD47F2F7251B862D00F9DDF5 /* UIImageView.swift in Sources */ = {isa = PBXBuildFile; fileRef = AD47F2F6251B862D00F9DDF5 /* UIImageView.swift */; };
		AD47F2F9251BA35600F9DDF5 /* UILabel.swift in Sources */ = {isa = PBXBuildFile; fileRef = AD47F2F8251BA35600F9DDF5 /* UILabel.swift */; };
		AD47F2FE251BB48400F9DDF5 /* UIImage.swift in Sources */ = {isa = PBXBuildFile; fileRef = AD47F2FD251BB48400F9DDF5 /* UIImage.swift */; };
		AD47F300251BB52600F9DDF5 /* AvatarViewDelegate.swift in Sources */ = {isa = PBXBuildFile; fileRef = AD47F2FF251BB52600F9DDF5 /* AvatarViewDelegate.swift */; };
		AD47F302251BBD7900F9DDF5 /* UIColor.swift in Sources */ = {isa = PBXBuildFile; fileRef = AD47F301251BBD7900F9DDF5 /* UIColor.swift */; };
		AD47F305251BC78800F9DDF5 /* CGRect.swift in Sources */ = {isa = PBXBuildFile; fileRef = AD47F304251BC78800F9DDF5 /* CGRect.swift */; };
		AD4F04D025378AA90056C2B0 /* IPersistenceManager.swift in Sources */ = {isa = PBXBuildFile; fileRef = AD4F04CF25378AA90056C2B0 /* IPersistenceManager.swift */; };
		AD4F04D225378C2C0056C2B0 /* AppError.swift in Sources */ = {isa = PBXBuildFile; fileRef = AD4F04D125378C2C0056C2B0 /* AppError.swift */; };
		AD4F04D425378FBA0056C2B0 /* UserProfileManager.swift in Sources */ = {isa = PBXBuildFile; fileRef = AD4F04D325378FBA0056C2B0 /* UserProfileManager.swift */; };
		AD4F04D6253792060056C2B0 /* FileManager.swift in Sources */ = {isa = PBXBuildFile; fileRef = AD4F04D5253792060056C2B0 /* FileManager.swift */; };
		AD4F04D82537A1D40056C2B0 /* GPersistanceManager.swift in Sources */ = {isa = PBXBuildFile; fileRef = AD4F04D72537A1D40056C2B0 /* GPersistanceManager.swift */; };
		AD4F04DA2537ADA90056C2B0 /* OProfileInfoProvider.swift in Sources */ = {isa = PBXBuildFile; fileRef = AD4F04D92537ADA90056C2B0 /* OProfileInfoProvider.swift */; };
		AD6630D9251B6497008D6718 /* UIView.swift in Sources */ = {isa = PBXBuildFile; fileRef = AD6630D8251B6497008D6718 /* UIView.swift */; };
		AD6630DC251B6ADB008D6718 /* UserPageViewController.swift in Sources */ = {isa = PBXBuildFile; fileRef = AD6630DB251B6ADB008D6718 /* UserPageViewController.swift */; };
		AD6630DF251B6C1B008D6718 /* AvatarView.xib in Resources */ = {isa = PBXBuildFile; fileRef = AD6630DE251B6C1B008D6718 /* AvatarView.xib */; };
		AD6630E1251B6CEC008D6718 /* AvatarView.swift in Sources */ = {isa = PBXBuildFile; fileRef = AD6630E0251B6CEC008D6718 /* AvatarView.swift */; };
		AD69172E252B711800807E20 /* DummyConversationsProvider.swift in Sources */ = {isa = PBXBuildFile; fileRef = AD69172D252B711800807E20 /* DummyConversationsProvider.swift */; };
		AD691730252B749900807E20 /* Typealiases.swift in Sources */ = {isa = PBXBuildFile; fileRef = AD69172F252B749900807E20 /* Typealiases.swift */; };
		AD691733252B7B7C00807E20 /* DeliveryState.swift in Sources */ = {isa = PBXBuildFile; fileRef = AD691732252B7B7C00807E20 /* DeliveryState.swift */; };
		AD691735252B7BCE00807E20 /* IMessage.swift in Sources */ = {isa = PBXBuildFile; fileRef = AD691734252B7BCE00807E20 /* IMessage.swift */; };
		AD691737252B7BE900807E20 /* ITextMessage.swift in Sources */ = {isa = PBXBuildFile; fileRef = AD691736252B7BE900807E20 /* ITextMessage.swift */; };
		AD691739252B7C1000807E20 /* IConversation.swift in Sources */ = {isa = PBXBuildFile; fileRef = AD691738252B7C1000807E20 /* IConversation.swift */; };
		AD69173D252B7C5C00807E20 /* IUserInfo.swift in Sources */ = {isa = PBXBuildFile; fileRef = AD69173C252B7C5C00807E20 /* IUserInfo.swift */; };
		AD69173F252B7C6900807E20 /* IDirectConversation.swift in Sources */ = {isa = PBXBuildFile; fileRef = AD69173E252B7C6900807E20 /* IDirectConversation.swift */; };
		AD691741252B7C9600807E20 /* IGroupConversation.swift in Sources */ = {isa = PBXBuildFile; fileRef = AD691740252B7C9600807E20 /* IGroupConversation.swift */; };
		AD691745252B825D00807E20 /* TextMessage.swift in Sources */ = {isa = PBXBuildFile; fileRef = AD691744252B825D00807E20 /* TextMessage.swift */; };
		AD830B36253724C500C70641 /* TextField.swift in Sources */ = {isa = PBXBuildFile; fileRef = AD830B35253724C500C70641 /* TextField.swift */; };
		ADA1D212252300810037D6AC /* ConversationsListViewController.swift in Sources */ = {isa = PBXBuildFile; fileRef = ADA1D211252300810037D6AC /* ConversationsListViewController.swift */; };
		ADA1D214252300E60037D6AC /* ConversationsList.storyboard in Resources */ = {isa = PBXBuildFile; fileRef = ADA1D213252300E60037D6AC /* ConversationsList.storyboard */; };
		ADA1D216252313800037D6AC /* INibView+Utils.swift in Sources */ = {isa = PBXBuildFile; fileRef = ADA1D215252313800037D6AC /* INibView+Utils.swift */; };
		ADA1D218252330670037D6AC /* Date.swift in Sources */ = {isa = PBXBuildFile; fileRef = ADA1D217252330670037D6AC /* Date.swift */; };
		ADAB6296252E45980059616E /* Themes.storyboard in Resources */ = {isa = PBXBuildFile; fileRef = ADAB6295252E45980059616E /* Themes.storyboard */; };
		ADAB6298252E474A0059616E /* ThemeMode.swift in Sources */ = {isa = PBXBuildFile; fileRef = ADAB6297252E474A0059616E /* ThemeMode.swift */; };
		ADAB629A252E477E0059616E /* ThemeManager.swift in Sources */ = {isa = PBXBuildFile; fileRef = ADAB6299252E477E0059616E /* ThemeManager.swift */; };
		ADAB629D252E68320059616E /* HeaderModel.swift in Sources */ = {isa = PBXBuildFile; fileRef = ADAB629C252E68320059616E /* HeaderModel.swift */; };
		ADAE8D7C253F5C7000D4A3C7 /* AvatarState.swift in Sources */ = {isa = PBXBuildFile; fileRef = ADAE8D7B253F5C7000D4A3C7 /* AvatarState.swift */; };
		ADAE8D7E253F5CEC00D4A3C7 /* UserPageViewController+SetupConstraints.swift in Sources */ = {isa = PBXBuildFile; fileRef = ADAE8D7D253F5CEC00D4A3C7 /* UserPageViewController+SetupConstraints.swift */; };
		ADB01E632522CD020083DE29 /* IConversationsInfoProvider.swift in Sources */ = {isa = PBXBuildFile; fileRef = ADB01E622522CD020083DE29 /* IConversationsInfoProvider.swift */; };
		ADB01E662522D0640083DE29 /* ConversationsInfoProvider.swift in Sources */ = {isa = PBXBuildFile; fileRef = ADB01E652522D0640083DE29 /* ConversationsInfoProvider.swift */; };
		ADB5EEF6252E19D800839CB7 /* IProfileInfoProvider.swift in Sources */ = {isa = PBXBuildFile; fileRef = ADB5EEF5252E19D800839CB7 /* IProfileInfoProvider.swift */; };
		ADB5EEF8252E19EE00839CB7 /* IProfileInfo.swift in Sources */ = {isa = PBXBuildFile; fileRef = ADB5EEF7252E19EE00839CB7 /* IProfileInfo.swift */; };
		ADB75003252DD0A70084776E /* Container.swift in Sources */ = {isa = PBXBuildFile; fileRef = ADB75002252DD0A70084776E /* Container.swift */; };
		ADB75009252E049F0084776E /* IAvatarViewModel.swift in Sources */ = {isa = PBXBuildFile; fileRef = ADB75008252E049F0084776E /* IAvatarViewModel.swift */; };
		ADB7500D252E05510084776E /* AvatarViewModel.swift in Sources */ = {isa = PBXBuildFile; fileRef = ADB7500C252E05510084776E /* AvatarViewModel.swift */; };
		ADC0F22825237E580050B0D8 /* HeaderView.swift in Sources */ = {isa = PBXBuildFile; fileRef = ADC0F22725237E580050B0D8 /* HeaderView.swift */; };
		ADC0F22A2523838A0050B0D8 /* ConversationType.swift in Sources */ = {isa = PBXBuildFile; fileRef = ADC0F2292523838A0050B0D8 /* ConversationType.swift */; };
		ADC0F22C252388580050B0D8 /* IConfigurable.swift in Sources */ = {isa = PBXBuildFile; fileRef = ADC0F22B252388580050B0D8 /* IConfigurable.swift */; };
		ADC0F22E25239E350050B0D8 /* UIFont.swift in Sources */ = {isa = PBXBuildFile; fileRef = ADC0F22D25239E350050B0D8 /* UIFont.swift */; };
		ADCAFBB9252ADE5100DCF840 /* BubbleView.swift in Sources */ = {isa = PBXBuildFile; fileRef = ADCAFBB8252ADE5100DCF840 /* BubbleView.swift */; };
		ADCAFBBB252ADF3B00DCF840 /* Array+Utils.swift in Sources */ = {isa = PBXBuildFile; fileRef = ADCAFBBA252ADF3B00DCF840 /* Array+Utils.swift */; };
		ADCC8E7A252E310E00D8744D /* ThemesViewController.swift in Sources */ = {isa = PBXBuildFile; fileRef = ADCC8E79252E310E00D8744D /* ThemesViewController.swift */; };
		ADD453F12522DC58006722D7 /* ConversationInfo.swift in Sources */ = {isa = PBXBuildFile; fileRef = ADD453F02522DC58006722D7 /* ConversationInfo.swift */; };
		ADD453F32522DD00006722D7 /* IConversationInfo.swift in Sources */ = {isa = PBXBuildFile; fileRef = ADD453F22522DD00006722D7 /* IConversationInfo.swift */; };
		ADD453F62522DE9E006722D7 /* ConversationCellModel.swift in Sources */ = {isa = PBXBuildFile; fileRef = ADD453F52522DE9E006722D7 /* ConversationCellModel.swift */; };
		ADD453F92522E04D006722D7 /* ConversationCell.swift in Sources */ = {isa = PBXBuildFile; fileRef = ADD453F72522E04D006722D7 /* ConversationCell.swift */; };
		ADD453FA2522E04D006722D7 /* ConversationCell.xib in Resources */ = {isa = PBXBuildFile; fileRef = ADD453F82522E04D006722D7 /* ConversationCell.xib */; };
		ADDCE2AD250BD8A900D67C05 /* AppDelegate.swift in Sources */ = {isa = PBXBuildFile; fileRef = ADDCE2AC250BD8A900D67C05 /* AppDelegate.swift */; };
		ADDCE2AF250BD8A900D67C05 /* SceneDelegate.swift in Sources */ = {isa = PBXBuildFile; fileRef = ADDCE2AE250BD8A900D67C05 /* SceneDelegate.swift */; };
		ADDCE2B4250BD8A900D67C05 /* UserPage.storyboard in Resources */ = {isa = PBXBuildFile; fileRef = ADDCE2B2250BD8A900D67C05 /* UserPage.storyboard */; };
		ADDCE2B9250BD8AB00D67C05 /* LaunchScreen.storyboard in Resources */ = {isa = PBXBuildFile; fileRef = ADDCE2B7250BD8AB00D67C05 /* LaunchScreen.storyboard */; };
		ADDCE2D2250BE5FD00D67C05 /* Assets.xcassets in Resources */ = {isa = PBXBuildFile; fileRef = ADDCE2D1250BE5FD00D67C05 /* Assets.xcassets */; };
		ADDCE2D6250BE67800D67C05 /* PTView.swift in Sources */ = {isa = PBXBuildFile; fileRef = ADDCE2D4250BE67800D67C05 /* PTView.swift */; };
		ADDCE2D7250BE67800D67C05 /* PTViewController.swift in Sources */ = {isa = PBXBuildFile; fileRef = ADDCE2D5250BE67800D67C05 /* PTViewController.swift */; };
		ADE85099252436780017C3C9 /* Bootstrapper.swift in Sources */ = {isa = PBXBuildFile; fileRef = ADE85098252436780017C3C9 /* Bootstrapper.swift */; };
		ADE8509D25243BE80017C3C9 /* IStoryboardViewController.swift in Sources */ = {isa = PBXBuildFile; fileRef = ADE8509C25243BE80017C3C9 /* IStoryboardViewController.swift */; };
		ADE8509F25243C370017C3C9 /* INibView.swift in Sources */ = {isa = PBXBuildFile; fileRef = ADE8509E25243C370017C3C9 /* INibView.swift */; };
		ADE850A12524B3330017C3C9 /* AppNavigationViewController.swift in Sources */ = {isa = PBXBuildFile; fileRef = ADE850A02524B3330017C3C9 /* AppNavigationViewController.swift */; };
		ADE850A32524B44A0017C3C9 /* AppNavigationBar.swift in Sources */ = {isa = PBXBuildFile; fileRef = ADE850A22524B44A0017C3C9 /* AppNavigationBar.swift */; };
		ADE850A72524BD6A0017C3C9 /* IConversationInfo+Utils.swift in Sources */ = {isa = PBXBuildFile; fileRef = ADE850A62524BD6A0017C3C9 /* IConversationInfo+Utils.swift */; };
		ADE850A92524C17A0017C3C9 /* Conversation.storyboard in Resources */ = {isa = PBXBuildFile; fileRef = ADE850A82524C17A0017C3C9 /* Conversation.storyboard */; };
		ADE850AB2524C2910017C3C9 /* ConversationViewController.swift in Sources */ = {isa = PBXBuildFile; fileRef = ADE850AA2524C2910017C3C9 /* ConversationViewController.swift */; };
		ADE850AE2524C8030017C3C9 /* MessageCell.swift in Sources */ = {isa = PBXBuildFile; fileRef = ADE850AC2524C8030017C3C9 /* MessageCell.swift */; };
		ADE850B1252509DB0017C3C9 /* NSAttributedString.swift in Sources */ = {isa = PBXBuildFile; fileRef = ADE850B0252509DB0017C3C9 /* NSAttributedString.swift */; };
		ADE850B7252522720017C3C9 /* CGSize.swift in Sources */ = {isa = PBXBuildFile; fileRef = ADE850B6252522720017C3C9 /* CGSize.swift */; };
		ADEBA90C253081710043364F /* UIViewExtensions.swift in Sources */ = {isa = PBXBuildFile; fileRef = ADEBA90B253081710043364F /* UIViewExtensions.swift */; };
		ADEE9B73250C8827009E6518 /* String.swift in Sources */ = {isa = PBXBuildFile; fileRef = ADEE9B72250C8827009E6518 /* String.swift */; };
		ADEE9B75250C9152009E6518 /* Logging.swift in Sources */ = {isa = PBXBuildFile; fileRef = ADEE9B74250C9152009E6518 /* Logging.swift */; };
		ADEE9B7C250CAB17009E6518 /* Direction.swift in Sources */ = {isa = PBXBuildFile; fileRef = ADEE9B7B250CAB17009E6518 /* Direction.swift */; };
		ADEE9B7E250CB8A2009E6518 /* TypeName.swift in Sources */ = {isa = PBXBuildFile; fileRef = ADEE9B7D250CB8A2009E6518 /* TypeName.swift */; };
		ADEE9B84250CDF0D009E6518 /* ApplicationState.swift in Sources */ = {isa = PBXBuildFile; fileRef = ADEE9B83250CDF0D009E6518 /* ApplicationState.swift */; };
		ADF701502537B0A900AEF0E9 /* BasePersistenceManager.swift in Sources */ = {isa = PBXBuildFile; fileRef = ADF7014F2537B0A900AEF0E9 /* BasePersistenceManager.swift */; };
		ADFAAE8D2526F74C0063CD4C /* CGFloat.swift in Sources */ = {isa = PBXBuildFile; fileRef = ADFAAE8C2526F74C0063CD4C /* CGFloat.swift */; };
		ADFAAE91252703800063CD4C /* Utils.swift in Sources */ = {isa = PBXBuildFile; fileRef = ADFAAE90252703800063CD4C /* Utils.swift */; };
/* End PBXBuildFile section */

/* Begin PBXContainerItemProxy section */
		ADEBA90E253081710043364F /* PBXContainerItemProxy */ = {
			isa = PBXContainerItemProxy;
			containerPortal = ADDCE2A1250BD8A900D67C05 /* Project object */;
			proxyType = 1;
			remoteGlobalIDString = ADDCE2A8250BD8A900D67C05;
			remoteInfo = iChat;
		};
/* End PBXContainerItemProxy section */

/* Begin PBXFileReference section */
		2BDFCC5DD465CD8E06EAFB36 /* Pods-iChatTests.release.xcconfig */ = {isa = PBXFileReference; includeInIndex = 1; lastKnownFileType = text.xcconfig; name = "Pods-iChatTests.release.xcconfig"; path = "Target Support Files/Pods-iChatTests/Pods-iChatTests.release.xcconfig"; sourceTree = "<group>"; };
		33D92B096178BE9CFAF97636 /* Pods_iChatTests.framework */ = {isa = PBXFileReference; explicitFileType = wrapper.framework; includeInIndex = 0; path = Pods_iChatTests.framework; sourceTree = BUILT_PRODUCTS_DIR; };
		AA7DFB807723E86015586768 /* Pods-iChat.release.xcconfig */ = {isa = PBXFileReference; includeInIndex = 1; lastKnownFileType = text.xcconfig; name = "Pods-iChat.release.xcconfig"; path = "Target Support Files/Pods-iChat/Pods-iChat.release.xcconfig"; sourceTree = "<group>"; };
		AD011193252CC7C9008180AF /* SpeechBubblePath.swift */ = {isa = PBXFileReference; lastKnownFileType = sourcecode.swift; path = SpeechBubblePath.swift; sourceTree = "<group>"; };
		AD38A777252E0B2900A81ED5 /* ConversationViewModel.swift */ = {isa = PBXFileReference; lastKnownFileType = sourcecode.swift; path = ConversationViewModel.swift; sourceTree = "<group>"; };
		AD38A77A252E0C8000A81ED5 /* DummyConversation.swift */ = {isa = PBXFileReference; lastKnownFileType = sourcecode.swift; path = DummyConversation.swift; sourceTree = "<group>"; };
		AD38A77C252E0CA500A81ED5 /* IConversationProvider.swift */ = {isa = PBXFileReference; lastKnownFileType = sourcecode.swift; path = IConversationProvider.swift; sourceTree = "<group>"; };
		AD38A77E252E10CD00A81ED5 /* DummyProfileProvider.swift */ = {isa = PBXFileReference; lastKnownFileType = sourcecode.swift; path = DummyProfileProvider.swift; sourceTree = "<group>"; };
		AD38A780252E187700A81ED5 /* ProfileInfo.swift */ = {isa = PBXFileReference; lastKnownFileType = sourcecode.swift; path = ProfileInfo.swift; sourceTree = "<group>"; };
		AD3F03F4252E261000920C2A /* IConversationViewModel.swift */ = {isa = PBXFileReference; lastKnownFileType = sourcecode.swift; path = IConversationViewModel.swift; sourceTree = "<group>"; };
		AD47F2F6251B862D00F9DDF5 /* UIImageView.swift */ = {isa = PBXFileReference; lastKnownFileType = sourcecode.swift; path = UIImageView.swift; sourceTree = "<group>"; };
		AD47F2F8251BA35600F9DDF5 /* UILabel.swift */ = {isa = PBXFileReference; lastKnownFileType = sourcecode.swift; path = UILabel.swift; sourceTree = "<group>"; };
		AD47F2FD251BB48400F9DDF5 /* UIImage.swift */ = {isa = PBXFileReference; lastKnownFileType = sourcecode.swift; path = UIImage.swift; sourceTree = "<group>"; };
		AD47F2FF251BB52600F9DDF5 /* AvatarViewDelegate.swift */ = {isa = PBXFileReference; lastKnownFileType = sourcecode.swift; path = AvatarViewDelegate.swift; sourceTree = "<group>"; };
		AD47F301251BBD7900F9DDF5 /* UIColor.swift */ = {isa = PBXFileReference; lastKnownFileType = sourcecode.swift; path = UIColor.swift; sourceTree = "<group>"; };
		AD47F304251BC78800F9DDF5 /* CGRect.swift */ = {isa = PBXFileReference; lastKnownFileType = sourcecode.swift; path = CGRect.swift; sourceTree = "<group>"; };
		AD4F04CF25378AA90056C2B0 /* IPersistenceManager.swift */ = {isa = PBXFileReference; lastKnownFileType = sourcecode.swift; path = IPersistenceManager.swift; sourceTree = "<group>"; };
		AD4F04D125378C2C0056C2B0 /* AppError.swift */ = {isa = PBXFileReference; lastKnownFileType = sourcecode.swift; path = AppError.swift; sourceTree = "<group>"; };
		AD4F04D325378FBA0056C2B0 /* UserProfileManager.swift */ = {isa = PBXFileReference; lastKnownFileType = sourcecode.swift; path = UserProfileManager.swift; sourceTree = "<group>"; };
		AD4F04D5253792060056C2B0 /* FileManager.swift */ = {isa = PBXFileReference; lastKnownFileType = sourcecode.swift; path = FileManager.swift; sourceTree = "<group>"; };
		AD4F04D72537A1D40056C2B0 /* GPersistanceManager.swift */ = {isa = PBXFileReference; lastKnownFileType = sourcecode.swift; path = GPersistanceManager.swift; sourceTree = "<group>"; };
		AD4F04D92537ADA90056C2B0 /* OProfileInfoProvider.swift */ = {isa = PBXFileReference; lastKnownFileType = sourcecode.swift; path = OProfileInfoProvider.swift; sourceTree = "<group>"; };
		AD6630D8251B6497008D6718 /* UIView.swift */ = {isa = PBXFileReference; lastKnownFileType = sourcecode.swift; path = UIView.swift; sourceTree = "<group>"; };
		AD6630DB251B6ADB008D6718 /* UserPageViewController.swift */ = {isa = PBXFileReference; lastKnownFileType = sourcecode.swift; path = UserPageViewController.swift; sourceTree = "<group>"; };
		AD6630DE251B6C1B008D6718 /* AvatarView.xib */ = {isa = PBXFileReference; lastKnownFileType = file.xib; path = AvatarView.xib; sourceTree = "<group>"; };
		AD6630E0251B6CEC008D6718 /* AvatarView.swift */ = {isa = PBXFileReference; lastKnownFileType = sourcecode.swift; path = AvatarView.swift; sourceTree = "<group>"; };
		AD69172D252B711800807E20 /* DummyConversationsProvider.swift */ = {isa = PBXFileReference; lastKnownFileType = sourcecode.swift; path = DummyConversationsProvider.swift; sourceTree = "<group>"; };
		AD69172F252B749900807E20 /* Typealiases.swift */ = {isa = PBXFileReference; lastKnownFileType = sourcecode.swift; path = Typealiases.swift; sourceTree = "<group>"; };
		AD691732252B7B7C00807E20 /* DeliveryState.swift */ = {isa = PBXFileReference; lastKnownFileType = sourcecode.swift; path = DeliveryState.swift; sourceTree = "<group>"; };
		AD691734252B7BCE00807E20 /* IMessage.swift */ = {isa = PBXFileReference; lastKnownFileType = sourcecode.swift; path = IMessage.swift; sourceTree = "<group>"; };
		AD691736252B7BE900807E20 /* ITextMessage.swift */ = {isa = PBXFileReference; lastKnownFileType = sourcecode.swift; path = ITextMessage.swift; sourceTree = "<group>"; };
		AD691738252B7C1000807E20 /* IConversation.swift */ = {isa = PBXFileReference; lastKnownFileType = sourcecode.swift; path = IConversation.swift; sourceTree = "<group>"; };
		AD69173C252B7C5C00807E20 /* IUserInfo.swift */ = {isa = PBXFileReference; lastKnownFileType = sourcecode.swift; path = IUserInfo.swift; sourceTree = "<group>"; };
		AD69173E252B7C6900807E20 /* IDirectConversation.swift */ = {isa = PBXFileReference; lastKnownFileType = sourcecode.swift; path = IDirectConversation.swift; sourceTree = "<group>"; };
		AD691740252B7C9600807E20 /* IGroupConversation.swift */ = {isa = PBXFileReference; lastKnownFileType = sourcecode.swift; path = IGroupConversation.swift; sourceTree = "<group>"; };
		AD691744252B825D00807E20 /* TextMessage.swift */ = {isa = PBXFileReference; lastKnownFileType = sourcecode.swift; path = TextMessage.swift; sourceTree = "<group>"; };
		AD830B35253724C500C70641 /* TextField.swift */ = {isa = PBXFileReference; lastKnownFileType = sourcecode.swift; path = TextField.swift; sourceTree = "<group>"; };
		ADA1D211252300810037D6AC /* ConversationsListViewController.swift */ = {isa = PBXFileReference; lastKnownFileType = sourcecode.swift; path = ConversationsListViewController.swift; sourceTree = "<group>"; };
		ADA1D213252300E60037D6AC /* ConversationsList.storyboard */ = {isa = PBXFileReference; lastKnownFileType = file.storyboard; path = ConversationsList.storyboard; sourceTree = "<group>"; };
		ADA1D215252313800037D6AC /* INibView+Utils.swift */ = {isa = PBXFileReference; lastKnownFileType = sourcecode.swift; path = "INibView+Utils.swift"; sourceTree = "<group>"; };
		ADA1D217252330670037D6AC /* Date.swift */ = {isa = PBXFileReference; lastKnownFileType = sourcecode.swift; path = Date.swift; sourceTree = "<group>"; };
		ADAB6295252E45980059616E /* Themes.storyboard */ = {isa = PBXFileReference; lastKnownFileType = file.storyboard; path = Themes.storyboard; sourceTree = "<group>"; };
		ADAB6297252E474A0059616E /* ThemeMode.swift */ = {isa = PBXFileReference; lastKnownFileType = sourcecode.swift; path = ThemeMode.swift; sourceTree = "<group>"; };
		ADAB6299252E477E0059616E /* ThemeManager.swift */ = {isa = PBXFileReference; lastKnownFileType = sourcecode.swift; path = ThemeManager.swift; sourceTree = "<group>"; };
		ADAB629C252E68320059616E /* HeaderModel.swift */ = {isa = PBXFileReference; lastKnownFileType = sourcecode.swift; path = HeaderModel.swift; sourceTree = "<group>"; };
		ADAE8D7B253F5C7000D4A3C7 /* AvatarState.swift */ = {isa = PBXFileReference; lastKnownFileType = sourcecode.swift; path = AvatarState.swift; sourceTree = "<group>"; };
		ADAE8D7D253F5CEC00D4A3C7 /* UserPageViewController+SetupConstraints.swift */ = {isa = PBXFileReference; lastKnownFileType = sourcecode.swift; path = "UserPageViewController+SetupConstraints.swift"; sourceTree = "<group>"; };
		ADB01E622522CD020083DE29 /* IConversationsInfoProvider.swift */ = {isa = PBXFileReference; lastKnownFileType = sourcecode.swift; path = IConversationsInfoProvider.swift; sourceTree = "<group>"; };
		ADB01E652522D0640083DE29 /* ConversationsInfoProvider.swift */ = {isa = PBXFileReference; lastKnownFileType = sourcecode.swift; path = ConversationsInfoProvider.swift; sourceTree = "<group>"; };
		ADB5EEF5252E19D800839CB7 /* IProfileInfoProvider.swift */ = {isa = PBXFileReference; lastKnownFileType = sourcecode.swift; path = IProfileInfoProvider.swift; sourceTree = "<group>"; };
		ADB5EEF7252E19EE00839CB7 /* IProfileInfo.swift */ = {isa = PBXFileReference; lastKnownFileType = sourcecode.swift; path = IProfileInfo.swift; sourceTree = "<group>"; };
		ADB75002252DD0A70084776E /* Container.swift */ = {isa = PBXFileReference; lastKnownFileType = sourcecode.swift; path = Container.swift; sourceTree = "<group>"; };
		ADB75008252E049F0084776E /* IAvatarViewModel.swift */ = {isa = PBXFileReference; lastKnownFileType = sourcecode.swift; path = IAvatarViewModel.swift; sourceTree = "<group>"; };
		ADB7500C252E05510084776E /* AvatarViewModel.swift */ = {isa = PBXFileReference; lastKnownFileType = sourcecode.swift; path = AvatarViewModel.swift; sourceTree = "<group>"; };
		ADC0F22725237E580050B0D8 /* HeaderView.swift */ = {isa = PBXFileReference; lastKnownFileType = sourcecode.swift; path = HeaderView.swift; sourceTree = "<group>"; };
		ADC0F2292523838A0050B0D8 /* ConversationType.swift */ = {isa = PBXFileReference; lastKnownFileType = sourcecode.swift; path = ConversationType.swift; sourceTree = "<group>"; };
		ADC0F22B252388580050B0D8 /* IConfigurable.swift */ = {isa = PBXFileReference; lastKnownFileType = sourcecode.swift; path = IConfigurable.swift; sourceTree = "<group>"; };
		ADC0F22D25239E350050B0D8 /* UIFont.swift */ = {isa = PBXFileReference; lastKnownFileType = sourcecode.swift; path = UIFont.swift; sourceTree = "<group>"; };
		ADCAFBB8252ADE5100DCF840 /* BubbleView.swift */ = {isa = PBXFileReference; lastKnownFileType = sourcecode.swift; path = BubbleView.swift; sourceTree = "<group>"; };
		ADCAFBBA252ADF3B00DCF840 /* Array+Utils.swift */ = {isa = PBXFileReference; lastKnownFileType = sourcecode.swift; path = "Array+Utils.swift"; sourceTree = "<group>"; };
		ADCC8E79252E310E00D8744D /* ThemesViewController.swift */ = {isa = PBXFileReference; lastKnownFileType = sourcecode.swift; path = ThemesViewController.swift; sourceTree = "<group>"; };
		ADD453F02522DC58006722D7 /* ConversationInfo.swift */ = {isa = PBXFileReference; lastKnownFileType = sourcecode.swift; path = ConversationInfo.swift; sourceTree = "<group>"; };
		ADD453F22522DD00006722D7 /* IConversationInfo.swift */ = {isa = PBXFileReference; lastKnownFileType = sourcecode.swift; path = IConversationInfo.swift; sourceTree = "<group>"; };
		ADD453F52522DE9E006722D7 /* ConversationCellModel.swift */ = {isa = PBXFileReference; lastKnownFileType = sourcecode.swift; path = ConversationCellModel.swift; sourceTree = "<group>"; };
		ADD453F72522E04D006722D7 /* ConversationCell.swift */ = {isa = PBXFileReference; lastKnownFileType = sourcecode.swift; path = ConversationCell.swift; sourceTree = "<group>"; };
		ADD453F82522E04D006722D7 /* ConversationCell.xib */ = {isa = PBXFileReference; lastKnownFileType = file.xib; path = ConversationCell.xib; sourceTree = "<group>"; };
		ADDCE2A9250BD8A900D67C05 /* iChat.app */ = {isa = PBXFileReference; explicitFileType = wrapper.application; includeInIndex = 0; path = iChat.app; sourceTree = BUILT_PRODUCTS_DIR; };
		ADDCE2AC250BD8A900D67C05 /* AppDelegate.swift */ = {isa = PBXFileReference; lastKnownFileType = sourcecode.swift; path = AppDelegate.swift; sourceTree = "<group>"; };
		ADDCE2AE250BD8A900D67C05 /* SceneDelegate.swift */ = {isa = PBXFileReference; lastKnownFileType = sourcecode.swift; path = SceneDelegate.swift; sourceTree = "<group>"; };
		ADDCE2B3250BD8A900D67C05 /* Base */ = {isa = PBXFileReference; lastKnownFileType = file.storyboard; name = Base; path = Base.lproj/UserPage.storyboard; sourceTree = "<group>"; };
		ADDCE2B8250BD8AB00D67C05 /* Base */ = {isa = PBXFileReference; lastKnownFileType = file.storyboard; name = Base; path = Base.lproj/LaunchScreen.storyboard; sourceTree = "<group>"; };
		ADDCE2BA250BD8AB00D67C05 /* Info.plist */ = {isa = PBXFileReference; lastKnownFileType = text.plist.xml; path = Info.plist; sourceTree = "<group>"; };
		ADDCE2D1250BE5FD00D67C05 /* Assets.xcassets */ = {isa = PBXFileReference; lastKnownFileType = folder.assetcatalog; path = Assets.xcassets; sourceTree = "<group>"; };
		ADDCE2D4250BE67800D67C05 /* PTView.swift */ = {isa = PBXFileReference; fileEncoding = 4; lastKnownFileType = sourcecode.swift; path = PTView.swift; sourceTree = "<group>"; };
		ADDCE2D5250BE67800D67C05 /* PTViewController.swift */ = {isa = PBXFileReference; fileEncoding = 4; lastKnownFileType = sourcecode.swift; path = PTViewController.swift; sourceTree = "<group>"; };
		ADE85098252436780017C3C9 /* Bootstrapper.swift */ = {isa = PBXFileReference; lastKnownFileType = sourcecode.swift; path = Bootstrapper.swift; sourceTree = "<group>"; };
		ADE8509C25243BE80017C3C9 /* IStoryboardViewController.swift */ = {isa = PBXFileReference; lastKnownFileType = sourcecode.swift; path = IStoryboardViewController.swift; sourceTree = "<group>"; };
		ADE8509E25243C370017C3C9 /* INibView.swift */ = {isa = PBXFileReference; lastKnownFileType = sourcecode.swift; path = INibView.swift; sourceTree = "<group>"; };
		ADE850A02524B3330017C3C9 /* AppNavigationViewController.swift */ = {isa = PBXFileReference; lastKnownFileType = sourcecode.swift; path = AppNavigationViewController.swift; sourceTree = "<group>"; };
		ADE850A22524B44A0017C3C9 /* AppNavigationBar.swift */ = {isa = PBXFileReference; lastKnownFileType = sourcecode.swift; path = AppNavigationBar.swift; sourceTree = "<group>"; };
		ADE850A62524BD6A0017C3C9 /* IConversationInfo+Utils.swift */ = {isa = PBXFileReference; lastKnownFileType = sourcecode.swift; path = "IConversationInfo+Utils.swift"; sourceTree = "<group>"; };
		ADE850A82524C17A0017C3C9 /* Conversation.storyboard */ = {isa = PBXFileReference; lastKnownFileType = file.storyboard; path = Conversation.storyboard; sourceTree = "<group>"; };
		ADE850AA2524C2910017C3C9 /* ConversationViewController.swift */ = {isa = PBXFileReference; lastKnownFileType = sourcecode.swift; path = ConversationViewController.swift; sourceTree = "<group>"; };
		ADE850AC2524C8030017C3C9 /* MessageCell.swift */ = {isa = PBXFileReference; lastKnownFileType = sourcecode.swift; path = MessageCell.swift; sourceTree = "<group>"; };
		ADE850B0252509DB0017C3C9 /* NSAttributedString.swift */ = {isa = PBXFileReference; lastKnownFileType = sourcecode.swift; path = NSAttributedString.swift; sourceTree = "<group>"; };
		ADE850B6252522720017C3C9 /* CGSize.swift */ = {isa = PBXFileReference; lastKnownFileType = sourcecode.swift; path = CGSize.swift; sourceTree = "<group>"; };
		ADEBA909253081700043364F /* iChatTests.xctest */ = {isa = PBXFileReference; explicitFileType = wrapper.cfbundle; includeInIndex = 0; path = iChatTests.xctest; sourceTree = BUILT_PRODUCTS_DIR; };
		ADEBA90B253081710043364F /* UIViewExtensions.swift */ = {isa = PBXFileReference; lastKnownFileType = sourcecode.swift; path = UIViewExtensions.swift; sourceTree = "<group>"; };
		ADEBA90D253081710043364F /* Info.plist */ = {isa = PBXFileReference; lastKnownFileType = text.plist.xml; path = Info.plist; sourceTree = "<group>"; };
		ADEE9B72250C8827009E6518 /* String.swift */ = {isa = PBXFileReference; lastKnownFileType = sourcecode.swift; path = String.swift; sourceTree = "<group>"; };
		ADEE9B74250C9152009E6518 /* Logging.swift */ = {isa = PBXFileReference; lastKnownFileType = sourcecode.swift; path = Logging.swift; sourceTree = "<group>"; };
		ADEE9B7B250CAB17009E6518 /* Direction.swift */ = {isa = PBXFileReference; lastKnownFileType = sourcecode.swift; path = Direction.swift; sourceTree = "<group>"; };
		ADEE9B7D250CB8A2009E6518 /* TypeName.swift */ = {isa = PBXFileReference; lastKnownFileType = sourcecode.swift; path = TypeName.swift; sourceTree = "<group>"; };
		ADEE9B83250CDF0D009E6518 /* ApplicationState.swift */ = {isa = PBXFileReference; lastKnownFileType = sourcecode.swift; path = ApplicationState.swift; sourceTree = "<group>"; };
		ADF7014F2537B0A900AEF0E9 /* BasePersistenceManager.swift */ = {isa = PBXFileReference; lastKnownFileType = sourcecode.swift; path = BasePersistenceManager.swift; sourceTree = "<group>"; };
		ADFAAE8C2526F74C0063CD4C /* CGFloat.swift */ = {isa = PBXFileReference; lastKnownFileType = sourcecode.swift; path = CGFloat.swift; sourceTree = "<group>"; };
		ADFAAE90252703800063CD4C /* Utils.swift */ = {isa = PBXFileReference; lastKnownFileType = sourcecode.swift; path = Utils.swift; sourceTree = "<group>"; };
		C92F0193FF0AE58014D3AE85 /* Pods-iChat.debug.xcconfig */ = {isa = PBXFileReference; includeInIndex = 1; lastKnownFileType = text.xcconfig; name = "Pods-iChat.debug.xcconfig"; path = "Target Support Files/Pods-iChat/Pods-iChat.debug.xcconfig"; sourceTree = "<group>"; };
		D80D6DECAF1A44C94798C2A7 /* Pods_iChat.framework */ = {isa = PBXFileReference; explicitFileType = wrapper.framework; includeInIndex = 0; path = Pods_iChat.framework; sourceTree = BUILT_PRODUCTS_DIR; };
		DF9D10CA5813B719B8622B9B /* Pods-iChatTests.debug.xcconfig */ = {isa = PBXFileReference; includeInIndex = 1; lastKnownFileType = text.xcconfig; name = "Pods-iChatTests.debug.xcconfig"; path = "Target Support Files/Pods-iChatTests/Pods-iChatTests.debug.xcconfig"; sourceTree = "<group>"; };
/* End PBXFileReference section */

/* Begin PBXFrameworksBuildPhase section */
		ADDCE2A6250BD8A900D67C05 /* Frameworks */ = {
			isa = PBXFrameworksBuildPhase;
			buildActionMask = 2147483647;
			files = (
				05A9F55767DD6CB665C5D483 /* Pods_iChat.framework in Frameworks */,
			);
			runOnlyForDeploymentPostprocessing = 0;
		};
		ADEBA906253081700043364F /* Frameworks */ = {
			isa = PBXFrameworksBuildPhase;
			buildActionMask = 2147483647;
			files = (
				1A9A80A4A1133C391548CDCB /* Pods_iChatTests.framework in Frameworks */,
			);
			runOnlyForDeploymentPostprocessing = 0;
		};
/* End PBXFrameworksBuildPhase section */

/* Begin PBXGroup section */
		379318D577FE3838B47EDCA8 /* Frameworks */ = {
			isa = PBXGroup;
			children = (
				D80D6DECAF1A44C94798C2A7 /* Pods_iChat.framework */,
				33D92B096178BE9CFAF97636 /* Pods_iChatTests.framework */,
			);
			name = Frameworks;
			sourceTree = "<group>";
		};
		A165A53040D38DB15610CF22 /* Pods */ = {
			isa = PBXGroup;
			children = (
				C92F0193FF0AE58014D3AE85 /* Pods-iChat.debug.xcconfig */,
				AA7DFB807723E86015586768 /* Pods-iChat.release.xcconfig */,
				DF9D10CA5813B719B8622B9B /* Pods-iChatTests.debug.xcconfig */,
				2BDFCC5DD465CD8E06EAFB36 /* Pods-iChatTests.release.xcconfig */,
			);
			path = Pods;
			sourceTree = "<group>";
		};
		AD011192252CC787008180AF /* Paths */ = {
			isa = PBXGroup;
			children = (
				AD011193252CC7C9008180AF /* SpeechBubblePath.swift */,
			);
			path = Paths;
			sourceTree = "<group>";
		};
		AD47F2FA251BA37900F9DDF5 /* ExtendedUI */ = {
			isa = PBXGroup;
			children = (
				ADDCE2D3250BE66300D67C05 /* ProxyTraceUI */,
				AD830B35253724C500C70641 /* TextField.swift */,
			);
			path = ExtendedUI;
			sourceTree = "<group>";
		};
		AD6630DA251B68AA008D6718 /* Controllers */ = {
			isa = PBXGroup;
			children = (
				ADE850A02524B3330017C3C9 /* AppNavigationViewController.swift */,
				ADA1D211252300810037D6AC /* ConversationsListViewController.swift */,
				ADE850AA2524C2910017C3C9 /* ConversationViewController.swift */,
				ADCC8E79252E310E00D8744D /* ThemesViewController.swift */,
				AD6630DB251B6ADB008D6718 /* UserPageViewController.swift */,
				ADAE8D7D253F5CEC00D4A3C7 /* UserPageViewController+SetupConstraints.swift */,
			);
			path = Controllers;
			sourceTree = "<group>";
		};
		AD6630DD251B6BF3008D6718 /* Views */ = {
			isa = PBXGroup;
			children = (
				AD011192252CC787008180AF /* Paths */,
				ADE850A22524B44A0017C3C9 /* AppNavigationBar.swift */,
				ADE850AC2524C8030017C3C9 /* MessageCell.swift */,
				ADCAFBB8252ADE5100DCF840 /* BubbleView.swift */,
			);
			path = Views;
			sourceTree = "<group>";
		};
		AD691731252B7B6A00807E20 /* Protocols */ = {
			isa = PBXGroup;
			children = (
				ADD453F22522DD00006722D7 /* IConversationInfo.swift */,
				AD691738252B7C1000807E20 /* IConversation.swift */,
				AD69173E252B7C6900807E20 /* IDirectConversation.swift */,
				AD691740252B7C9600807E20 /* IGroupConversation.swift */,
				AD691734252B7BCE00807E20 /* IMessage.swift */,
				AD691736252B7BE900807E20 /* ITextMessage.swift */,
				AD69173C252B7C5C00807E20 /* IUserInfo.swift */,
				ADB5EEF7252E19EE00839CB7 /* IProfileInfo.swift */,
				AD3F03F4252E261000920C2A /* IConversationViewModel.swift */,
			);
			path = Protocols;
			sourceTree = "<group>";
		};
		ADA1D2102522FE220037D6AC /* Screens */ = {
			isa = PBXGroup;
			children = (
				ADA1D213252300E60037D6AC /* ConversationsList.storyboard */,
				ADDCE2B2250BD8A900D67C05 /* UserPage.storyboard */,
				ADE850A82524C17A0017C3C9 /* Conversation.storyboard */,
				ADAB6295252E45980059616E /* Themes.storyboard */,
			);
			path = Screens;
			sourceTree = "<group>";
		};
		ADAB629B252E68110059616E /* ConversationListHeader */ = {
			isa = PBXGroup;
			children = (
				ADC0F22725237E580050B0D8 /* HeaderView.swift */,
				ADAB629C252E68320059616E /* HeaderModel.swift */,
			);
			path = ConversationListHeader;
			sourceTree = "<group>";
		};
		ADB01E642522D0540083DE29 /* Services */ = {
			isa = PBXGroup;
			children = (
				ADB5EEF4252E19C700839CB7 /* Protocols */,
				AD69172D252B711800807E20 /* DummyConversationsProvider.swift */,
				ADB01E652522D0640083DE29 /* ConversationsInfoProvider.swift */,
				AD38A77A252E0C8000A81ED5 /* DummyConversation.swift */,
				AD38A77E252E10CD00A81ED5 /* DummyProfileProvider.swift */,
				ADAB6299252E477E0059616E /* ThemeManager.swift */,
				AD4F04CF25378AA90056C2B0 /* IPersistenceManager.swift */,
				AD4F04D325378FBA0056C2B0 /* UserProfileManager.swift */,
				AD4F04D72537A1D40056C2B0 /* GPersistanceManager.swift */,
				AD4F04D92537ADA90056C2B0 /* OProfileInfoProvider.swift */,
				ADF7014F2537B0A900AEF0E9 /* BasePersistenceManager.swift */,
			);
			path = Services;
			sourceTree = "<group>";
		};
		ADB5EEF4252E19C700839CB7 /* Protocols */ = {
			isa = PBXGroup;
			children = (
				ADB01E622522CD020083DE29 /* IConversationsInfoProvider.swift */,
				AD38A77C252E0CA500A81ED5 /* IConversationProvider.swift */,
				ADB5EEF5252E19D800839CB7 /* IProfileInfoProvider.swift */,
			);
			path = Protocols;
			sourceTree = "<group>";
		};
		ADB5EEF9252E1AC800839CB7 /* Protocols */ = {
			isa = PBXGroup;
			children = (
				ADE8509E25243C370017C3C9 /* INibView.swift */,
				ADE8509C25243BE80017C3C9 /* IStoryboardViewController.swift */,
				ADC0F22B252388580050B0D8 /* IConfigurable.swift */,
			);
			path = Protocols;
			sourceTree = "<group>";
		};
		ADB75006252E04670084776E /* Components */ = {
			isa = PBXGroup;
			children = (
				ADAB629B252E68110059616E /* ConversationListHeader */,
				ADB75007252E04800084776E /* AvatarView */,
				ADB75010252E07190084776E /* ConversationCell */,
			);
			path = Components;
			sourceTree = "<group>";
		};
		ADB75007252E04800084776E /* AvatarView */ = {
			isa = PBXGroup;
			children = (
				ADAE8D7B253F5C7000D4A3C7 /* AvatarState.swift */,
				AD6630E0251B6CEC008D6718 /* AvatarView.swift */,
				AD6630DE251B6C1B008D6718 /* AvatarView.xib */,
				AD47F2FF251BB52600F9DDF5 /* AvatarViewDelegate.swift */,
				ADB7500C252E05510084776E /* AvatarViewModel.swift */,
				ADB75008252E049F0084776E /* IAvatarViewModel.swift */,
			);
			path = AvatarView;
			sourceTree = "<group>";
		};
		ADB75010252E07190084776E /* ConversationCell */ = {
			isa = PBXGroup;
			children = (
				ADD453F72522E04D006722D7 /* ConversationCell.swift */,
				ADD453F82522E04D006722D7 /* ConversationCell.xib */,
			);
			path = ConversationCell;
			sourceTree = "<group>";
		};
		ADD453F42522DD5F006722D7 /* Models */ = {
			isa = PBXGroup;
			children = (
				AD691731252B7B6A00807E20 /* Protocols */,
				ADEE9B78250CA8D7009E6518 /* Enums */,
				ADD453F02522DC58006722D7 /* ConversationInfo.swift */,
				AD38A780252E187700A81ED5 /* ProfileInfo.swift */,
				ADD453F52522DE9E006722D7 /* ConversationCellModel.swift */,
				AD691744252B825D00807E20 /* TextMessage.swift */,
				AD38A777252E0B2900A81ED5 /* ConversationViewModel.swift */,
			);
			path = Models;
			sourceTree = "<group>";
		};
		ADDCE2A0250BD8A900D67C05 = {
			isa = PBXGroup;
			children = (
				ADDCE2AB250BD8A900D67C05 /* iChat */,
				ADEBA90A253081710043364F /* iChatTests */,
				ADDCE2AA250BD8A900D67C05 /* Products */,
				A165A53040D38DB15610CF22 /* Pods */,
				379318D577FE3838B47EDCA8 /* Frameworks */,
			);
			sourceTree = "<group>";
		};
		ADDCE2AA250BD8A900D67C05 /* Products */ = {
			isa = PBXGroup;
			children = (
				ADDCE2A9250BD8A900D67C05 /* iChat.app */,
				ADEBA909253081700043364F /* iChatTests.xctest */,
			);
			name = Products;
			sourceTree = "<group>";
		};
		ADDCE2AB250BD8A900D67C05 /* iChat */ = {
			isa = PBXGroup;
			children = (
				ADFAAE8F252703730063CD4C /* Common */,
				AD47F2FA251BA37900F9DDF5 /* ExtendedUI */,
				ADB01E642522D0540083DE29 /* Services */,
				ADA1D2102522FE220037D6AC /* Screens */,
				ADD453F42522DD5F006722D7 /* Models */,
				ADB75006252E04670084776E /* Components */,
				AD6630DD251B6BF3008D6718 /* Views */,
				AD6630DA251B68AA008D6718 /* Controllers */,
				ADEE9B71250C8567009E6518 /* Extensions */,
				ADDCE2AC250BD8A900D67C05 /* AppDelegate.swift */,
				ADDCE2AE250BD8A900D67C05 /* SceneDelegate.swift */,
				ADE85098252436780017C3C9 /* Bootstrapper.swift */,
				ADDCE2B7250BD8AB00D67C05 /* LaunchScreen.storyboard */,
				ADDCE2BA250BD8AB00D67C05 /* Info.plist */,
				ADDCE2D1250BE5FD00D67C05 /* Assets.xcassets */,
			);
			path = iChat;
			sourceTree = "<group>";
		};
		ADDCE2D3250BE66300D67C05 /* ProxyTraceUI */ = {
			isa = PBXGroup;
			children = (
				ADDCE2D4250BE67800D67C05 /* PTView.swift */,
				ADDCE2D5250BE67800D67C05 /* PTViewController.swift */,
			);
			path = ProxyTraceUI;
			sourceTree = "<group>";
		};
		ADEBA90A253081710043364F /* iChatTests */ = {
			isa = PBXGroup;
			children = (
				ADEBA90B253081710043364F /* UIViewExtensions.swift */,
				ADEBA90D253081710043364F /* Info.plist */,
			);
			path = iChatTests;
			sourceTree = "<group>";
		};
		ADEE9B71250C8567009E6518 /* Extensions */ = {
			isa = PBXGroup;
			children = (
				AD47F304251BC78800F9DDF5 /* CGRect.swift */,
				ADA1D217252330670037D6AC /* Date.swift */,
				ADE850A62524BD6A0017C3C9 /* IConversationInfo+Utils.swift */,
				ADA1D215252313800037D6AC /* INibView+Utils.swift */,
				ADEE9B74250C9152009E6518 /* Logging.swift */,
				ADE850B0252509DB0017C3C9 /* NSAttributedString.swift */,
				ADEE9B72250C8827009E6518 /* String.swift */,
				ADEE9B7D250CB8A2009E6518 /* TypeName.swift */,
				AD47F301251BBD7900F9DDF5 /* UIColor.swift */,
				ADC0F22D25239E350050B0D8 /* UIFont.swift */,
				AD47F2FD251BB48400F9DDF5 /* UIImage.swift */,
				AD47F2F6251B862D00F9DDF5 /* UIImageView.swift */,
				AD47F2F8251BA35600F9DDF5 /* UILabel.swift */,
				AD6630D8251B6497008D6718 /* UIView.swift */,
				ADE850B6252522720017C3C9 /* CGSize.swift */,
				ADFAAE8C2526F74C0063CD4C /* CGFloat.swift */,
				ADCAFBBA252ADF3B00DCF840 /* Array+Utils.swift */,
				AD4F04D5253792060056C2B0 /* FileManager.swift */,
			);
			path = Extensions;
			sourceTree = "<group>";
		};
		ADEE9B78250CA8D7009E6518 /* Enums */ = {
			isa = PBXGroup;
			children = (
				ADEE9B7B250CAB17009E6518 /* Direction.swift */,
				ADEE9B83250CDF0D009E6518 /* ApplicationState.swift */,
				ADC0F2292523838A0050B0D8 /* ConversationType.swift */,
				AD691732252B7B7C00807E20 /* DeliveryState.swift */,
				ADAB6297252E474A0059616E /* ThemeMode.swift */,
			);
			path = Enums;
			sourceTree = "<group>";
		};
		ADFAAE8F252703730063CD4C /* Common */ = {
			isa = PBXGroup;
			children = (
				ADB5EEF9252E1AC800839CB7 /* Protocols */,
				ADFAAE90252703800063CD4C /* Utils.swift */,
				AD69172F252B749900807E20 /* Typealiases.swift */,
				ADB75002252DD0A70084776E /* Container.swift */,
				AD4F04D125378C2C0056C2B0 /* AppError.swift */,
			);
			path = Common;
			sourceTree = "<group>";
		};
/* End PBXGroup section */

/* Begin PBXNativeTarget section */
		ADDCE2A8250BD8A900D67C05 /* iChat */ = {
			isa = PBXNativeTarget;
			buildConfigurationList = ADDCE2BD250BD8AB00D67C05 /* Build configuration list for PBXNativeTarget "iChat" */;
			buildPhases = (
				2FD51779AE744715070507F4 /* [CP] Check Pods Manifest.lock */,
				ADDCE2A5250BD8A900D67C05 /* Sources */,
				ADDCE2A6250BD8A900D67C05 /* Frameworks */,
				ADDCE2A7250BD8A900D67C05 /* Resources */,
				6D4C99AE2598C772DE152AF1 /* [CP] Embed Pods Frameworks */,
				ADAE8D7A253F497D00D4A3C7 /* Run SwiftLint */,
			);
			buildRules = (
			);
			dependencies = (
			);
			name = iChat;
			productName = iChat;
			productReference = ADDCE2A9250BD8A900D67C05 /* iChat.app */;
			productType = "com.apple.product-type.application";
		};
		ADEBA908253081700043364F /* iChatTests */ = {
			isa = PBXNativeTarget;
			buildConfigurationList = ADEBA910253081710043364F /* Build configuration list for PBXNativeTarget "iChatTests" */;
			buildPhases = (
				07CFC94D675F10B0C0FEE131 /* [CP] Check Pods Manifest.lock */,
				ADEBA905253081700043364F /* Sources */,
				ADEBA906253081700043364F /* Frameworks */,
				ADEBA907253081700043364F /* Resources */,
			);
			buildRules = (
			);
			dependencies = (
				ADEBA90F253081710043364F /* PBXTargetDependency */,
			);
			name = iChatTests;
			productName = iChatTests;
			productReference = ADEBA909253081700043364F /* iChatTests.xctest */;
			productType = "com.apple.product-type.bundle.unit-test";
		};
/* End PBXNativeTarget section */

/* Begin PBXProject section */
		ADDCE2A1250BD8A900D67C05 /* Project object */ = {
			isa = PBXProject;
			attributes = {
				LastSwiftUpdateCheck = 1170;
				LastUpgradeCheck = 1160;
				ORGANIZATIONNAME = "Constantine Nikolsky";
				TargetAttributes = {
					ADDCE2A8250BD8A900D67C05 = {
						CreatedOnToolsVersion = 11.6;
					};
					ADEBA908253081700043364F = {
						CreatedOnToolsVersion = 11.7;
						TestTargetID = ADDCE2A8250BD8A900D67C05;
					};
				};
			};
			buildConfigurationList = ADDCE2A4250BD8A900D67C05 /* Build configuration list for PBXProject "iChat" */;
			compatibilityVersion = "Xcode 9.3";
			developmentRegion = en;
			hasScannedForEncodings = 0;
			knownRegions = (
				en,
				Base,
			);
			mainGroup = ADDCE2A0250BD8A900D67C05;
			productRefGroup = ADDCE2AA250BD8A900D67C05 /* Products */;
			projectDirPath = "";
			projectRoot = "";
			targets = (
				ADDCE2A8250BD8A900D67C05 /* iChat */,
				ADEBA908253081700043364F /* iChatTests */,
			);
		};
/* End PBXProject section */

/* Begin PBXResourcesBuildPhase section */
		ADDCE2A7250BD8A900D67C05 /* Resources */ = {
			isa = PBXResourcesBuildPhase;
			buildActionMask = 2147483647;
			files = (
				ADA1D214252300E60037D6AC /* ConversationsList.storyboard in Resources */,
				ADDCE2B9250BD8AB00D67C05 /* LaunchScreen.storyboard in Resources */,
				ADE850A92524C17A0017C3C9 /* Conversation.storyboard in Resources */,
				AD6630DF251B6C1B008D6718 /* AvatarView.xib in Resources */,
				ADDCE2D2250BE5FD00D67C05 /* Assets.xcassets in Resources */,
				ADDCE2B4250BD8A900D67C05 /* UserPage.storyboard in Resources */,
				ADAB6296252E45980059616E /* Themes.storyboard in Resources */,
				ADD453FA2522E04D006722D7 /* ConversationCell.xib in Resources */,
			);
			runOnlyForDeploymentPostprocessing = 0;
		};
		ADEBA907253081700043364F /* Resources */ = {
			isa = PBXResourcesBuildPhase;
			buildActionMask = 2147483647;
			files = (
			);
			runOnlyForDeploymentPostprocessing = 0;
		};
/* End PBXResourcesBuildPhase section */

/* Begin PBXShellScriptBuildPhase section */
		07CFC94D675F10B0C0FEE131 /* [CP] Check Pods Manifest.lock */ = {
			isa = PBXShellScriptBuildPhase;
			buildActionMask = 2147483647;
			files = (
			);
			inputFileListPaths = (
			);
			inputPaths = (
				"${PODS_PODFILE_DIR_PATH}/Podfile.lock",
				"${PODS_ROOT}/Manifest.lock",
			);
			name = "[CP] Check Pods Manifest.lock";
			outputFileListPaths = (
			);
			outputPaths = (
				"$(DERIVED_FILE_DIR)/Pods-iChatTests-checkManifestLockResult.txt",
			);
			runOnlyForDeploymentPostprocessing = 0;
			shellPath = /bin/sh;
			shellScript = "diff \"${PODS_PODFILE_DIR_PATH}/Podfile.lock\" \"${PODS_ROOT}/Manifest.lock\" > /dev/null\nif [ $? != 0 ] ; then\n    # print error to STDERR\n    echo \"error: The sandbox is not in sync with the Podfile.lock. Run 'pod install' or update your CocoaPods installation.\" >&2\n    exit 1\nfi\n# This output is used by Xcode 'outputs' to avoid re-running this script phase.\necho \"SUCCESS\" > \"${SCRIPT_OUTPUT_FILE_0}\"\n";
			showEnvVarsInLog = 0;
		};
		2FD51779AE744715070507F4 /* [CP] Check Pods Manifest.lock */ = {
			isa = PBXShellScriptBuildPhase;
			buildActionMask = 2147483647;
			files = (
			);
			inputFileListPaths = (
			);
			inputPaths = (
				"${PODS_PODFILE_DIR_PATH}/Podfile.lock",
				"${PODS_ROOT}/Manifest.lock",
			);
			name = "[CP] Check Pods Manifest.lock";
			outputFileListPaths = (
			);
			outputPaths = (
				"$(DERIVED_FILE_DIR)/Pods-iChat-checkManifestLockResult.txt",
			);
			runOnlyForDeploymentPostprocessing = 0;
			shellPath = /bin/sh;
			shellScript = "diff \"${PODS_PODFILE_DIR_PATH}/Podfile.lock\" \"${PODS_ROOT}/Manifest.lock\" > /dev/null\nif [ $? != 0 ] ; then\n    # print error to STDERR\n    echo \"error: The sandbox is not in sync with the Podfile.lock. Run 'pod install' or update your CocoaPods installation.\" >&2\n    exit 1\nfi\n# This output is used by Xcode 'outputs' to avoid re-running this script phase.\necho \"SUCCESS\" > \"${SCRIPT_OUTPUT_FILE_0}\"\n";
			showEnvVarsInLog = 0;
		};
		6D4C99AE2598C772DE152AF1 /* [CP] Embed Pods Frameworks */ = {
			isa = PBXShellScriptBuildPhase;
			buildActionMask = 2147483647;
			files = (
			);
			inputFileListPaths = (
				"${PODS_ROOT}/Target Support Files/Pods-iChat/Pods-iChat-frameworks-${CONFIGURATION}-input-files.xcfilelist",
			);
			name = "[CP] Embed Pods Frameworks";
			outputFileListPaths = (
				"${PODS_ROOT}/Target Support Files/Pods-iChat/Pods-iChat-frameworks-${CONFIGURATION}-output-files.xcfilelist",
			);
			runOnlyForDeploymentPostprocessing = 0;
			shellPath = /bin/sh;
			shellScript = "\"${PODS_ROOT}/Target Support Files/Pods-iChat/Pods-iChat-frameworks.sh\"\n";
			showEnvVarsInLog = 0;
		};
		ADAE8D7A253F497D00D4A3C7 /* Run SwiftLint */ = {
			isa = PBXShellScriptBuildPhase;
			buildActionMask = 2147483647;
			files = (
			);
			inputFileListPaths = (
			);
			inputPaths = (
			);
			name = "Run SwiftLint";
			outputFileListPaths = (
			);
			outputPaths = (
			);
			runOnlyForDeploymentPostprocessing = 0;
			shellPath = /bin/sh;
			shellScript = "if which \"${PODS_ROOT}/SwiftLint/swiftlint\" >/dev/null; then\n    ${PODS_ROOT}/SwiftLint/swiftlint\nelse\n    echo \"error: SwiftLint not installed, download from https://github.com/realm/SwiftLint\"\nfi\n";
		};
/* End PBXShellScriptBuildPhase section */

/* Begin PBXSourcesBuildPhase section */
		ADDCE2A5250BD8A900D67C05 /* Sources */ = {
			isa = PBXSourcesBuildPhase;
			buildActionMask = 2147483647;
			files = (
				AD47F300251BB52600F9DDF5 /* AvatarViewDelegate.swift in Sources */,
				ADE850A12524B3330017C3C9 /* AppNavigationViewController.swift in Sources */,
				ADB75009252E049F0084776E /* IAvatarViewModel.swift in Sources */,
				ADA1D212252300810037D6AC /* ConversationsListViewController.swift in Sources */,
				AD38A77D252E0CA500A81ED5 /* IConversationProvider.swift in Sources */,
				AD691741252B7C9600807E20 /* IGroupConversation.swift in Sources */,
				ADA1D216252313800037D6AC /* INibView+Utils.swift in Sources */,
				ADEE9B73250C8827009E6518 /* String.swift in Sources */,
				ADC0F22A2523838A0050B0D8 /* ConversationType.swift in Sources */,
				ADE850B7252522720017C3C9 /* CGSize.swift in Sources */,
				AD691730252B749900807E20 /* Typealiases.swift in Sources */,
				AD691735252B7BCE00807E20 /* IMessage.swift in Sources */,
				AD3F03F5252E261000920C2A /* IConversationViewModel.swift in Sources */,
				ADAE8D7E253F5CEC00D4A3C7 /* UserPageViewController+SetupConstraints.swift in Sources */,
				AD691739252B7C1000807E20 /* IConversation.swift in Sources */,
				ADB75003252DD0A70084776E /* Container.swift in Sources */,
				ADD453F62522DE9E006722D7 /* ConversationCellModel.swift in Sources */,
				ADDCE2D7250BE67800D67C05 /* PTViewController.swift in Sources */,
				AD011194252CC7C9008180AF /* SpeechBubblePath.swift in Sources */,
				AD69173D252B7C5C00807E20 /* IUserInfo.swift in Sources */,
				AD691737252B7BE900807E20 /* ITextMessage.swift in Sources */,
				ADB01E632522CD020083DE29 /* IConversationsInfoProvider.swift in Sources */,
				AD47F2F7251B862D00F9DDF5 /* UIImageView.swift in Sources */,
				AD6630D9251B6497008D6718 /* UIView.swift in Sources */,
				ADEE9B7E250CB8A2009E6518 /* TypeName.swift in Sources */,
				AD6630E1251B6CEC008D6718 /* AvatarView.swift in Sources */,
				AD47F2FE251BB48400F9DDF5 /* UIImage.swift in Sources */,
				ADB7500D252E05510084776E /* AvatarViewModel.swift in Sources */,
				ADE8509D25243BE80017C3C9 /* IStoryboardViewController.swift in Sources */,
				AD38A781252E187700A81ED5 /* ProfileInfo.swift in Sources */,
				AD47F302251BBD7900F9DDF5 /* UIColor.swift in Sources */,
				ADEE9B7C250CAB17009E6518 /* Direction.swift in Sources */,
				AD47F305251BC78800F9DDF5 /* CGRect.swift in Sources */,
				AD6630DC251B6ADB008D6718 /* UserPageViewController.swift in Sources */,
				ADCC8E7A252E310E00D8744D /* ThemesViewController.swift in Sources */,
				ADEE9B75250C9152009E6518 /* Logging.swift in Sources */,
				ADE85099252436780017C3C9 /* Bootstrapper.swift in Sources */,
				ADAB6298252E474A0059616E /* ThemeMode.swift in Sources */,
				AD47F2F9251BA35600F9DDF5 /* UILabel.swift in Sources */,
				AD4F04DA2537ADA90056C2B0 /* OProfileInfoProvider.swift in Sources */,
				AD69173F252B7C6900807E20 /* IDirectConversation.swift in Sources */,
				ADE850A32524B44A0017C3C9 /* AppNavigationBar.swift in Sources */,
				ADD453F32522DD00006722D7 /* IConversationInfo.swift in Sources */,
				ADC0F22C252388580050B0D8 /* IConfigurable.swift in Sources */,
				ADEE9B84250CDF0D009E6518 /* ApplicationState.swift in Sources */,
				AD4F04D025378AA90056C2B0 /* IPersistenceManager.swift in Sources */,
				AD691733252B7B7C00807E20 /* DeliveryState.swift in Sources */,
				ADC0F22825237E580050B0D8 /* HeaderView.swift in Sources */,
				ADDCE2D6250BE67800D67C05 /* PTView.swift in Sources */,
				AD4F04D82537A1D40056C2B0 /* GPersistanceManager.swift in Sources */,
				AD4F04D6253792060056C2B0 /* FileManager.swift in Sources */,
				ADE850AB2524C2910017C3C9 /* ConversationViewController.swift in Sources */,
				ADB5EEF6252E19D800839CB7 /* IProfileInfoProvider.swift in Sources */,
				ADB01E662522D0640083DE29 /* ConversationsInfoProvider.swift in Sources */,
				AD38A77F252E10CD00A81ED5 /* DummyProfileProvider.swift in Sources */,
				AD38A77B252E0C8000A81ED5 /* DummyConversation.swift in Sources */,
				AD4F04D425378FBA0056C2B0 /* UserProfileManager.swift in Sources */,
				AD830B36253724C500C70641 /* TextField.swift in Sources */,
				ADE850B1252509DB0017C3C9 /* NSAttributedString.swift in Sources */,
				AD4F04D225378C2C0056C2B0 /* AppError.swift in Sources */,
				ADDCE2AD250BD8A900D67C05 /* AppDelegate.swift in Sources */,
				ADCAFBB9252ADE5100DCF840 /* BubbleView.swift in Sources */,
				AD38A778252E0B2900A81ED5 /* ConversationViewModel.swift in Sources */,
				ADA1D218252330670037D6AC /* Date.swift in Sources */,
				ADB5EEF8252E19EE00839CB7 /* IProfileInfo.swift in Sources */,
				ADFAAE8D2526F74C0063CD4C /* CGFloat.swift in Sources */,
				ADF701502537B0A900AEF0E9 /* BasePersistenceManager.swift in Sources */,
				ADAB629A252E477E0059616E /* ThemeManager.swift in Sources */,
				ADDCE2AF250BD8A900D67C05 /* SceneDelegate.swift in Sources */,
				ADC0F22E25239E350050B0D8 /* UIFont.swift in Sources */,
				ADD453F12522DC58006722D7 /* ConversationInfo.swift in Sources */,
				ADAB629D252E68320059616E /* HeaderModel.swift in Sources */,
				ADE850A72524BD6A0017C3C9 /* IConversationInfo+Utils.swift in Sources */,
				ADFAAE91252703800063CD4C /* Utils.swift in Sources */,
				ADE8509F25243C370017C3C9 /* INibView.swift in Sources */,
				ADD453F92522E04D006722D7 /* ConversationCell.swift in Sources */,
				ADE850AE2524C8030017C3C9 /* MessageCell.swift in Sources */,
				ADAE8D7C253F5C7000D4A3C7 /* AvatarState.swift in Sources */,
				AD69172E252B711800807E20 /* DummyConversationsProvider.swift in Sources */,
				AD691745252B825D00807E20 /* TextMessage.swift in Sources */,
				ADCAFBBB252ADF3B00DCF840 /* Array+Utils.swift in Sources */,
			);
			runOnlyForDeploymentPostprocessing = 0;
		};
		ADEBA905253081700043364F /* Sources */ = {
			isa = PBXSourcesBuildPhase;
			buildActionMask = 2147483647;
			files = (
				ADEBA90C253081710043364F /* UIViewExtensions.swift in Sources */,
			);
			runOnlyForDeploymentPostprocessing = 0;
		};
/* End PBXSourcesBuildPhase section */

/* Begin PBXTargetDependency section */
		ADEBA90F253081710043364F /* PBXTargetDependency */ = {
			isa = PBXTargetDependency;
			target = ADDCE2A8250BD8A900D67C05 /* iChat */;
			targetProxy = ADEBA90E253081710043364F /* PBXContainerItemProxy */;
		};
/* End PBXTargetDependency section */

/* Begin PBXVariantGroup section */
		ADDCE2B2250BD8A900D67C05 /* UserPage.storyboard */ = {
			isa = PBXVariantGroup;
			children = (
				ADDCE2B3250BD8A900D67C05 /* Base */,
			);
			name = UserPage.storyboard;
			sourceTree = "<group>";
		};
		ADDCE2B7250BD8AB00D67C05 /* LaunchScreen.storyboard */ = {
			isa = PBXVariantGroup;
			children = (
				ADDCE2B8250BD8AB00D67C05 /* Base */,
			);
			name = LaunchScreen.storyboard;
			sourceTree = "<group>";
		};
/* End PBXVariantGroup section */

/* Begin XCBuildConfiguration section */
		ADDCE2BB250BD8AB00D67C05 /* Debug */ = {
			isa = XCBuildConfiguration;
			buildSettings = {
				ALWAYS_SEARCH_USER_PATHS = NO;
				CLANG_ANALYZER_NONNULL = YES;
				CLANG_ANALYZER_NUMBER_OBJECT_CONVERSION = YES_AGGRESSIVE;
				CLANG_CXX_LANGUAGE_STANDARD = "gnu++14";
				CLANG_CXX_LIBRARY = "libc++";
				CLANG_ENABLE_MODULES = YES;
				CLANG_ENABLE_OBJC_ARC = YES;
				CLANG_ENABLE_OBJC_WEAK = YES;
				CLANG_WARN_BLOCK_CAPTURE_AUTORELEASING = YES;
				CLANG_WARN_BOOL_CONVERSION = YES;
				CLANG_WARN_COMMA = YES;
				CLANG_WARN_CONSTANT_CONVERSION = YES;
				CLANG_WARN_DEPRECATED_OBJC_IMPLEMENTATIONS = YES;
				CLANG_WARN_DIRECT_OBJC_ISA_USAGE = YES_ERROR;
				CLANG_WARN_DOCUMENTATION_COMMENTS = YES;
				CLANG_WARN_EMPTY_BODY = YES;
				CLANG_WARN_ENUM_CONVERSION = YES;
				CLANG_WARN_INFINITE_RECURSION = YES;
				CLANG_WARN_INT_CONVERSION = YES;
				CLANG_WARN_NON_LITERAL_NULL_CONVERSION = YES;
				CLANG_WARN_OBJC_IMPLICIT_RETAIN_SELF = YES;
				CLANG_WARN_OBJC_LITERAL_CONVERSION = YES;
				CLANG_WARN_OBJC_ROOT_CLASS = YES_ERROR;
				CLANG_WARN_RANGE_LOOP_ANALYSIS = YES;
				CLANG_WARN_STRICT_PROTOTYPES = YES;
				CLANG_WARN_SUSPICIOUS_MOVE = YES;
				CLANG_WARN_UNGUARDED_AVAILABILITY = YES_AGGRESSIVE;
				CLANG_WARN_UNREACHABLE_CODE = YES;
				CLANG_WARN__DUPLICATE_METHOD_MATCH = YES;
				COPY_PHASE_STRIP = NO;
				DEBUG_INFORMATION_FORMAT = dwarf;
				ENABLE_STRICT_OBJC_MSGSEND = YES;
				ENABLE_TESTABILITY = YES;
				GCC_C_LANGUAGE_STANDARD = gnu11;
				GCC_DYNAMIC_NO_PIC = NO;
				GCC_NO_COMMON_BLOCKS = YES;
				GCC_OPTIMIZATION_LEVEL = 0;
				GCC_PREPROCESSOR_DEFINITIONS = (
					"DEBUG=1",
					"$(inherited)",
				);
				GCC_WARN_64_TO_32_BIT_CONVERSION = YES;
				GCC_WARN_ABOUT_RETURN_TYPE = YES_ERROR;
				GCC_WARN_UNDECLARED_SELECTOR = YES;
				GCC_WARN_UNINITIALIZED_AUTOS = YES_AGGRESSIVE;
				GCC_WARN_UNUSED_FUNCTION = YES;
				GCC_WARN_UNUSED_VARIABLE = YES;
				IPHONEOS_DEPLOYMENT_TARGET = 13.6;
				MTL_ENABLE_DEBUG_INFO = INCLUDE_SOURCE;
				MTL_FAST_MATH = YES;
				ONLY_ACTIVE_ARCH = YES;
				SDKROOT = iphoneos;
				SWIFT_ACTIVE_COMPILATION_CONDITIONS = DEBUG;
				SWIFT_OPTIMIZATION_LEVEL = "-Onone";
			};
			name = Debug;
		};
		ADDCE2BC250BD8AB00D67C05 /* Release */ = {
			isa = XCBuildConfiguration;
			buildSettings = {
				ALWAYS_SEARCH_USER_PATHS = NO;
				CLANG_ANALYZER_NONNULL = YES;
				CLANG_ANALYZER_NUMBER_OBJECT_CONVERSION = YES_AGGRESSIVE;
				CLANG_CXX_LANGUAGE_STANDARD = "gnu++14";
				CLANG_CXX_LIBRARY = "libc++";
				CLANG_ENABLE_MODULES = YES;
				CLANG_ENABLE_OBJC_ARC = YES;
				CLANG_ENABLE_OBJC_WEAK = YES;
				CLANG_WARN_BLOCK_CAPTURE_AUTORELEASING = YES;
				CLANG_WARN_BOOL_CONVERSION = YES;
				CLANG_WARN_COMMA = YES;
				CLANG_WARN_CONSTANT_CONVERSION = YES;
				CLANG_WARN_DEPRECATED_OBJC_IMPLEMENTATIONS = YES;
				CLANG_WARN_DIRECT_OBJC_ISA_USAGE = YES_ERROR;
				CLANG_WARN_DOCUMENTATION_COMMENTS = YES;
				CLANG_WARN_EMPTY_BODY = YES;
				CLANG_WARN_ENUM_CONVERSION = YES;
				CLANG_WARN_INFINITE_RECURSION = YES;
				CLANG_WARN_INT_CONVERSION = YES;
				CLANG_WARN_NON_LITERAL_NULL_CONVERSION = YES;
				CLANG_WARN_OBJC_IMPLICIT_RETAIN_SELF = YES;
				CLANG_WARN_OBJC_LITERAL_CONVERSION = YES;
				CLANG_WARN_OBJC_ROOT_CLASS = YES_ERROR;
				CLANG_WARN_RANGE_LOOP_ANALYSIS = YES;
				CLANG_WARN_STRICT_PROTOTYPES = YES;
				CLANG_WARN_SUSPICIOUS_MOVE = YES;
				CLANG_WARN_UNGUARDED_AVAILABILITY = YES_AGGRESSIVE;
				CLANG_WARN_UNREACHABLE_CODE = YES;
				CLANG_WARN__DUPLICATE_METHOD_MATCH = YES;
				COPY_PHASE_STRIP = NO;
				DEBUG_INFORMATION_FORMAT = "dwarf-with-dsym";
				ENABLE_NS_ASSERTIONS = NO;
				ENABLE_STRICT_OBJC_MSGSEND = YES;
				GCC_C_LANGUAGE_STANDARD = gnu11;
				GCC_NO_COMMON_BLOCKS = YES;
				GCC_WARN_64_TO_32_BIT_CONVERSION = YES;
				GCC_WARN_ABOUT_RETURN_TYPE = YES_ERROR;
				GCC_WARN_UNDECLARED_SELECTOR = YES;
				GCC_WARN_UNINITIALIZED_AUTOS = YES_AGGRESSIVE;
				GCC_WARN_UNUSED_FUNCTION = YES;
				GCC_WARN_UNUSED_VARIABLE = YES;
				IPHONEOS_DEPLOYMENT_TARGET = 13.6;
				MTL_ENABLE_DEBUG_INFO = NO;
				MTL_FAST_MATH = YES;
				SDKROOT = iphoneos;
				SWIFT_COMPILATION_MODE = wholemodule;
				SWIFT_OPTIMIZATION_LEVEL = "-O";
				VALIDATE_PRODUCT = YES;
			};
			name = Release;
		};
		ADDCE2BE250BD8AB00D67C05 /* Debug */ = {
			isa = XCBuildConfiguration;
			baseConfigurationReference = C92F0193FF0AE58014D3AE85 /* Pods-iChat.debug.xcconfig */;
			buildSettings = {
				ASSETCATALOG_COMPILER_APPICON_NAME = AppIcon;
				CODE_SIGN_IDENTITY = "Apple Development";
				CODE_SIGN_STYLE = Automatic;
				DEVELOPMENT_TEAM = N29P9VDV4Y;
				IBSC_ERRORS = NO;
				IBSC_NOTICES = NO;
				IBSC_WARNINGS = NO;
				INFOPLIST_FILE = iChat/Info.plist;
				IPHONEOS_DEPLOYMENT_TARGET = 12.0;
				LD_RUNPATH_SEARCH_PATHS = (
					"$(inherited)",
					"@executable_path/Frameworks",
				);
				MARKETING_VERSION = 0.0.1;
				OTHER_SWIFT_FLAGS = "-DENABLE_CONSOLE_LOGGING -DEASTER_MODE -DDEBUGGING_MODE_";
				PRODUCT_BUNDLE_IDENTIFIER = "io.creative-socks.iChat";
				PRODUCT_NAME = "$(TARGET_NAME)";
				PROVISIONING_PROFILE_SPECIFIER = "";
				SWIFT_VERSION = 5.0;
				TARGETED_DEVICE_FAMILY = "1,2";
			};
			name = Debug;
		};
		ADDCE2BF250BD8AB00D67C05 /* Release */ = {
			isa = XCBuildConfiguration;
			baseConfigurationReference = AA7DFB807723E86015586768 /* Pods-iChat.release.xcconfig */;
			buildSettings = {
				ASSETCATALOG_COMPILER_APPICON_NAME = AppIcon;
				CODE_SIGN_IDENTITY = "Apple Development";
				CODE_SIGN_STYLE = Automatic;
				DEVELOPMENT_TEAM = N29P9VDV4Y;
				IBSC_ERRORS = NO;
				IBSC_NOTICES = NO;
				IBSC_WARNINGS = NO;
				INFOPLIST_FILE = iChat/Info.plist;
				IPHONEOS_DEPLOYMENT_TARGET = 12.0;
				LD_RUNPATH_SEARCH_PATHS = (
					"$(inherited)",
					"@executable_path/Frameworks",
				);
				MARKETING_VERSION = 0.0.1;
				OTHER_SWIFT_FLAGS = "-DENABLE_CONSOLE_LOGGING -DEASTER_MODE -DDEBUGGING_MODE_";
				PRODUCT_BUNDLE_IDENTIFIER = "io.creative-socks.iChat";
				PRODUCT_NAME = "$(TARGET_NAME)";
				PROVISIONING_PROFILE_SPECIFIER = "";
				SWIFT_VERSION = 5.0;
				TARGETED_DEVICE_FAMILY = "1,2";
			};
			name = Release;
		};
		ADEBA911253081710043364F /* Debug */ = {
			isa = XCBuildConfiguration;
			baseConfigurationReference = DF9D10CA5813B719B8622B9B /* Pods-iChatTests.debug.xcconfig */;
			buildSettings = {
				BUNDLE_LOADER = "$(TEST_HOST)";
				CODE_SIGN_STYLE = Automatic;
				DEVELOPMENT_TEAM = N29P9VDV4Y;
				INFOPLIST_FILE = iChatTests/Info.plist;
				IPHONEOS_DEPLOYMENT_TARGET = 13.1;
				LD_RUNPATH_SEARCH_PATHS = (
					"$(inherited)",
					"@executable_path/Frameworks",
					"@loader_path/Frameworks",
				);
				PRODUCT_BUNDLE_IDENTIFIER = "io.creative-socks.iChatTests";
				PRODUCT_NAME = "$(TARGET_NAME)";
				SWIFT_VERSION = 5.0;
				TARGETED_DEVICE_FAMILY = "1,2";
				TEST_HOST = "$(BUILT_PRODUCTS_DIR)/iChat.app/iChat";
			};
			name = Debug;
		};
		ADEBA912253081710043364F /* Release */ = {
			isa = XCBuildConfiguration;
			baseConfigurationReference = 2BDFCC5DD465CD8E06EAFB36 /* Pods-iChatTests.release.xcconfig */;
			buildSettings = {
				BUNDLE_LOADER = "$(TEST_HOST)";
				CODE_SIGN_STYLE = Automatic;
				DEVELOPMENT_TEAM = N29P9VDV4Y;
				INFOPLIST_FILE = iChatTests/Info.plist;
				IPHONEOS_DEPLOYMENT_TARGET = 13.1;
				LD_RUNPATH_SEARCH_PATHS = (
					"$(inherited)",
					"@executable_path/Frameworks",
					"@loader_path/Frameworks",
				);
				PRODUCT_BUNDLE_IDENTIFIER = "io.creative-socks.iChatTests";
				PRODUCT_NAME = "$(TARGET_NAME)";
				SWIFT_VERSION = 5.0;
				TARGETED_DEVICE_FAMILY = "1,2";
				TEST_HOST = "$(BUILT_PRODUCTS_DIR)/iChat.app/iChat";
			};
			name = Release;
		};
/* End XCBuildConfiguration section */

/* Begin XCConfigurationList section */
		ADDCE2A4250BD8A900D67C05 /* Build configuration list for PBXProject "iChat" */ = {
			isa = XCConfigurationList;
			buildConfigurations = (
				ADDCE2BB250BD8AB00D67C05 /* Debug */,
				ADDCE2BC250BD8AB00D67C05 /* Release */,
			);
			defaultConfigurationIsVisible = 0;
			defaultConfigurationName = Release;
		};
		ADDCE2BD250BD8AB00D67C05 /* Build configuration list for PBXNativeTarget "iChat" */ = {
			isa = XCConfigurationList;
			buildConfigurations = (
				ADDCE2BE250BD8AB00D67C05 /* Debug */,
				ADDCE2BF250BD8AB00D67C05 /* Release */,
			);
			defaultConfigurationIsVisible = 0;
			defaultConfigurationName = Release;
		};
		ADEBA910253081710043364F /* Build configuration list for PBXNativeTarget "iChatTests" */ = {
			isa = XCConfigurationList;
			buildConfigurations = (
				ADEBA911253081710043364F /* Debug */,
				ADEBA912253081710043364F /* Release */,
			);
			defaultConfigurationIsVisible = 0;
			defaultConfigurationName = Release;
		};
/* End XCConfigurationList section */
	};
	rootObject = ADDCE2A1250BD8A900D67C05 /* Project object */;
}
